// !$*UTF8*$!
{
	archiveVersion = 1;
	classes = {
	};
	objectVersion = 48;
	objects = {

/* Begin PBXBuildFile section */
		1A5352D0202B95DE0001F91C /* ExampleClientLibrary.framework in Frameworks */ = {isa = PBXBuildFile; fileRef = 1A5352C6202B95DE0001F91C /* ExampleClientLibrary.framework */; };
		1A5352D5202B95DE0001F91C /* ExampleClientLibraryTests.swift in Sources */ = {isa = PBXBuildFile; fileRef = 1A5352D4202B95DE0001F91C /* ExampleClientLibraryTests.swift */; };
		1A5352D7202B95DE0001F91C /* ExampleClientLibrary.h in Headers */ = {isa = PBXBuildFile; fileRef = 1A5352C9202B95DE0001F91C /* ExampleClientLibrary.h */; settings = {ATTRIBUTES = (Public, ); }; };
/* End PBXBuildFile section */

/* Begin PBXContainerItemProxy section */
		1A5352D1202B95DE0001F91C /* PBXContainerItemProxy */ = {
			isa = PBXContainerItemProxy;
			containerPortal = 1A5352BD202B95DE0001F91C /* Project object */;
			proxyType = 1;
			remoteGlobalIDString = 1A5352C5202B95DE0001F91C;
			remoteInfo = ExampleClientLibrary;
		};
/* End PBXContainerItemProxy section */

/* Begin PBXFileReference section */
		1A5352C6202B95DE0001F91C /* ExampleClientLibrary.framework */ = {isa = PBXFileReference; explicitFileType = wrapper.framework; includeInIndex = 0; path = ExampleClientLibrary.framework; sourceTree = BUILT_PRODUCTS_DIR; };
		1A5352C9202B95DE0001F91C /* ExampleClientLibrary.h */ = {isa = PBXFileReference; lastKnownFileType = sourcecode.c.h; path = ExampleClientLibrary.h; sourceTree = "<group>"; };
		1A5352CA202B95DE0001F91C /* Info.plist */ = {isa = PBXFileReference; lastKnownFileType = text.plist.xml; path = Info.plist; sourceTree = "<group>"; };
		1A5352CF202B95DE0001F91C /* ExampleClientLibraryTests.xctest */ = {isa = PBXFileReference; explicitFileType = wrapper.cfbundle; includeInIndex = 0; path = ExampleClientLibraryTests.xctest; sourceTree = BUILT_PRODUCTS_DIR; };
		1A5352D4202B95DE0001F91C /* ExampleClientLibraryTests.swift */ = {isa = PBXFileReference; lastKnownFileType = sourcecode.swift; path = ExampleClientLibraryTests.swift; sourceTree = "<group>"; };
		1A5352D6202B95DE0001F91C /* Info.plist */ = {isa = PBXFileReference; lastKnownFileType = text.plist.xml; path = Info.plist; sourceTree = "<group>"; };
/* End PBXFileReference section */

/* Begin PBXFrameworksBuildPhase section */
		1A5352C2202B95DE0001F91C /* Frameworks */ = {
			isa = PBXFrameworksBuildPhase;
			buildActionMask = 2147483647;
			files = (
			);
			runOnlyForDeploymentPostprocessing = 0;
		};
		1A5352CC202B95DE0001F91C /* Frameworks */ = {
			isa = PBXFrameworksBuildPhase;
			buildActionMask = 2147483647;
			files = (
				1A5352D0202B95DE0001F91C /* ExampleClientLibrary.framework in Frameworks */,
			);
			runOnlyForDeploymentPostprocessing = 0;
		};
/* End PBXFrameworksBuildPhase section */

/* Begin PBXGroup section */
		1A5352BC202B95DE0001F91C = {
			isa = PBXGroup;
			children = (
				1A5352C8202B95DE0001F91C /* ExampleClientLibrary */,
				1A5352D3202B95DE0001F91C /* ExampleClientLibraryTests */,
				1A5352C7202B95DE0001F91C /* Products */,
			);
			sourceTree = "<group>";
		};
		1A5352C7202B95DE0001F91C /* Products */ = {
			isa = PBXGroup;
			children = (
				1A5352C6202B95DE0001F91C /* ExampleClientLibrary.framework */,
				1A5352CF202B95DE0001F91C /* ExampleClientLibraryTests.xctest */,
			);
			name = Products;
			sourceTree = "<group>";
		};
		1A5352C8202B95DE0001F91C /* ExampleClientLibrary */ = {
			isa = PBXGroup;
			children = (
				1A5352C9202B95DE0001F91C /* ExampleClientLibrary.h */,
				1A5352CA202B95DE0001F91C /* Info.plist */,
			);
			path = ExampleClientLibrary;
			sourceTree = "<group>";
		};
		1A5352D3202B95DE0001F91C /* ExampleClientLibraryTests */ = {
			isa = PBXGroup;
			children = (
				1A5352D4202B95DE0001F91C /* ExampleClientLibraryTests.swift */,
				1A5352D6202B95DE0001F91C /* Info.plist */,
			);
			path = ExampleClientLibraryTests;
			sourceTree = "<group>";
		};
/* End PBXGroup section */

/* Begin PBXHeadersBuildPhase section */
		1A5352C3202B95DE0001F91C /* Headers */ = {
			isa = PBXHeadersBuildPhase;
			buildActionMask = 2147483647;
			files = (
				1A5352D7202B95DE0001F91C /* ExampleClientLibrary.h in Headers */,
			);
			runOnlyForDeploymentPostprocessing = 0;
		};
/* End PBXHeadersBuildPhase section */

/* Begin PBXNativeTarget section */
		1A5352C5202B95DE0001F91C /* ExampleClientLibrary */ = {
			isa = PBXNativeTarget;
			buildConfigurationList = 1A5352DA202B95DF0001F91C /* Build configuration list for PBXNativeTarget "ExampleClientLibrary" */;
			buildPhases = (
				1A5352C1202B95DE0001F91C /* Sources */,
				1A5352C2202B95DE0001F91C /* Frameworks */,
				1A5352C3202B95DE0001F91C /* Headers */,
				1A5352C4202B95DE0001F91C /* Resources */,
			);
			buildRules = (
			);
			dependencies = (
			);
			name = ExampleClientLibrary;
			productName = ExampleClientLibrary;
			productReference = 1A5352C6202B95DE0001F91C /* ExampleClientLibrary.framework */;
			productType = "com.apple.product-type.framework";
		};
		1A5352CE202B95DE0001F91C /* ExampleClientLibraryTests */ = {
			isa = PBXNativeTarget;
			buildConfigurationList = 1A5352DD202B95DF0001F91C /* Build configuration list for PBXNativeTarget "ExampleClientLibraryTests" */;
			buildPhases = (
				1A5352CB202B95DE0001F91C /* Sources */,
				1A5352CC202B95DE0001F91C /* Frameworks */,
				1A5352CD202B95DE0001F91C /* Resources */,
			);
			buildRules = (
			);
			dependencies = (
				1A5352D2202B95DE0001F91C /* PBXTargetDependency */,
			);
			name = ExampleClientLibraryTests;
			productName = ExampleClientLibraryTests;
			productReference = 1A5352CF202B95DE0001F91C /* ExampleClientLibraryTests.xctest */;
			productType = "com.apple.product-type.bundle.unit-test";
		};
/* End PBXNativeTarget section */

/* Begin PBXProject section */
		1A5352BD202B95DE0001F91C /* Project object */ = {
			isa = PBXProject;
			attributes = {
				LastSwiftUpdateCheck = 0920;
				LastUpgradeCheck = 0920;
				ORGANIZATIONNAME = "James Reeve";
				TargetAttributes = {
					1A5352C5202B95DE0001F91C = {
						CreatedOnToolsVersion = 9.2;
						ProvisioningStyle = Automatic;
					};
					1A5352CE202B95DE0001F91C = {
						CreatedOnToolsVersion = 9.2;
						ProvisioningStyle = Automatic;
					};
				};
			};
			buildConfigurationList = 1A5352C0202B95DE0001F91C /* Build configuration list for PBXProject "ExampleClientLibrary" */;
			compatibilityVersion = "Xcode 8.0";
			developmentRegion = en;
			hasScannedForEncodings = 0;
			knownRegions = (
				en,
			);
			mainGroup = 1A5352BC202B95DE0001F91C;
			productRefGroup = 1A5352C7202B95DE0001F91C /* Products */;
			projectDirPath = "";
			projectRoot = "";
			targets = (
				1A5352C5202B95DE0001F91C /* ExampleClientLibrary */,
				1A5352CE202B95DE0001F91C /* ExampleClientLibraryTests */,
			);
		};
/* End PBXProject section */

/* Begin PBXResourcesBuildPhase section */
		1A5352C4202B95DE0001F91C /* Resources */ = {
			isa = PBXResourcesBuildPhase;
			buildActionMask = 2147483647;
			files = (
			);
			runOnlyForDeploymentPostprocessing = 0;
		};
		1A5352CD202B95DE0001F91C /* Resources */ = {
			isa = PBXResourcesBuildPhase;
			buildActionMask = 2147483647;
			files = (
			);
			runOnlyForDeploymentPostprocessing = 0;
		};
/* End PBXResourcesBuildPhase section */

/* Begin PBXSourcesBuildPhase section */
		1A5352C1202B95DE0001F91C /* Sources */ = {
			isa = PBXSourcesBuildPhase;
			buildActionMask = 2147483647;
			files = (
			);
			runOnlyForDeploymentPostprocessing = 0;
		};
		1A5352CB202B95DE0001F91C /* Sources */ = {
			isa = PBXSourcesBuildPhase;
			buildActionMask = 2147483647;
			files = (
				1A5352D5202B95DE0001F91C /* ExampleClientLibraryTests.swift in Sources */,
			);
			runOnlyForDeploymentPostprocessing = 0;
		};
/* End PBXSourcesBuildPhase section */

/* Begin PBXTargetDependency section */
		1A5352D2202B95DE0001F91C /* PBXTargetDependency */ = {
			isa = PBXTargetDependency;
			target = 1A5352C5202B95DE0001F91C /* ExampleClientLibrary */;
			targetProxy = 1A5352D1202B95DE0001F91C /* PBXContainerItemProxy */;
		};
/* End PBXTargetDependency section */

/* Begin XCBuildConfiguration section */
		1A5352D8202B95DF0001F91C /* Debug */ = {
			isa = XCBuildConfiguration;
			buildSettings = {
				ALWAYS_SEARCH_USER_PATHS = NO;
				CLANG_ANALYZER_NONNULL = YES;
				CLANG_ANALYZER_NUMBER_OBJECT_CONVERSION = YES_AGGRESSIVE;
				CLANG_CXX_LANGUAGE_STANDARD = "gnu++14";
				CLANG_CXX_LIBRARY = "libc++";
				CLANG_ENABLE_MODULES = YES;
				CLANG_ENABLE_OBJC_ARC = YES;
				CLANG_WARN_BLOCK_CAPTURE_AUTORELEASING = YES;
				CLANG_WARN_BOOL_CONVERSION = YES;
				CLANG_WARN_COMMA = YES;
				CLANG_WARN_CONSTANT_CONVERSION = YES;
				CLANG_WARN_DIRECT_OBJC_ISA_USAGE = YES_ERROR;
				CLANG_WARN_DOCUMENTATION_COMMENTS = YES;
				CLANG_WARN_EMPTY_BODY = YES;
				CLANG_WARN_ENUM_CONVERSION = YES;
				CLANG_WARN_INFINITE_RECURSION = YES;
				CLANG_WARN_INT_CONVERSION = YES;
				CLANG_WARN_NON_LITERAL_NULL_CONVERSION = YES;
				CLANG_WARN_OBJC_LITERAL_CONVERSION = YES;
				CLANG_WARN_OBJC_ROOT_CLASS = YES_ERROR;
				CLANG_WARN_RANGE_LOOP_ANALYSIS = YES;
				CLANG_WARN_STRICT_PROTOTYPES = YES;
				CLANG_WARN_SUSPICIOUS_MOVE = YES;
				CLANG_WARN_UNGUARDED_AVAILABILITY = YES_AGGRESSIVE;
				CLANG_WARN_UNREACHABLE_CODE = YES;
				CLANG_WARN__DUPLICATE_METHOD_MATCH = YES;
				CODE_SIGN_IDENTITY = "iPhone Developer";
				COPY_PHASE_STRIP = NO;
				CURRENT_PROJECT_VERSION = 1;
				DEBUG_INFORMATION_FORMAT = dwarf;
				ENABLE_STRICT_OBJC_MSGSEND = YES;
				ENABLE_TESTABILITY = YES;
				GCC_C_LANGUAGE_STANDARD = gnu11;
				GCC_DYNAMIC_NO_PIC = NO;
				GCC_NO_COMMON_BLOCKS = YES;
				GCC_OPTIMIZATION_LEVEL = 0;
				GCC_PREPROCESSOR_DEFINITIONS = (
					"DEBUG=1",
					"$(inherited)",
				);
				GCC_WARN_64_TO_32_BIT_CONVERSION = YES;
				GCC_WARN_ABOUT_RETURN_TYPE = YES_ERROR;
				GCC_WARN_UNDECLARED_SELECTOR = YES;
				GCC_WARN_UNINITIALIZED_AUTOS = YES_AGGRESSIVE;
				GCC_WARN_UNUSED_FUNCTION = YES;
				GCC_WARN_UNUSED_VARIABLE = YES;
				IPHONEOS_DEPLOYMENT_TARGET = 11.2;
				MTL_ENABLE_DEBUG_INFO = YES;
				ONLY_ACTIVE_ARCH = YES;
				SDKROOT = iphoneos;
				SWIFT_ACTIVE_COMPILATION_CONDITIONS = DEBUG;
				SWIFT_OPTIMIZATION_LEVEL = "-Onone";
				VERSIONING_SYSTEM = "apple-generic";
				VERSION_INFO_PREFIX = "";
			};
			name = Debug;
		};
		1A5352D9202B95DF0001F91C /* Release */ = {
			isa = XCBuildConfiguration;
			buildSettings = {
				ALWAYS_SEARCH_USER_PATHS = NO;
				CLANG_ANALYZER_NONNULL = YES;
				CLANG_ANALYZER_NUMBER_OBJECT_CONVERSION = YES_AGGRESSIVE;
				CLANG_CXX_LANGUAGE_STANDARD = "gnu++14";
				CLANG_CXX_LIBRARY = "libc++";
				CLANG_ENABLE_MODULES = YES;
				CLANG_ENABLE_OBJC_ARC = YES;
				CLANG_WARN_BLOCK_CAPTURE_AUTORELEASING = YES;
				CLANG_WARN_BOOL_CONVERSION = YES;
				CLANG_WARN_COMMA = YES;
				CLANG_WARN_CONSTANT_CONVERSION = YES;
				CLANG_WARN_DIRECT_OBJC_ISA_USAGE = YES_ERROR;
				CLANG_WARN_DOCUMENTATION_COMMENTS = YES;
				CLANG_WARN_EMPTY_BODY = YES;
				CLANG_WARN_ENUM_CONVERSION = YES;
				CLANG_WARN_INFINITE_RECURSION = YES;
				CLANG_WARN_INT_CONVERSION = YES;
				CLANG_WARN_NON_LITERAL_NULL_CONVERSION = YES;
				CLANG_WARN_OBJC_LITERAL_CONVERSION = YES;
				CLANG_WARN_OBJC_ROOT_CLASS = YES_ERROR;
				CLANG_WARN_RANGE_LOOP_ANALYSIS = YES;
				CLANG_WARN_STRICT_PROTOTYPES = YES;
				CLANG_WARN_SUSPICIOUS_MOVE = YES;
				CLANG_WARN_UNGUARDED_AVAILABILITY = YES_AGGRESSIVE;
				CLANG_WARN_UNREACHABLE_CODE = YES;
				CLANG_WARN__DUPLICATE_METHOD_MATCH = YES;
				CODE_SIGN_IDENTITY = "iPhone Developer";
				COPY_PHASE_STRIP = NO;
				CURRENT_PROJECT_VERSION = 1;
				DEBUG_INFORMATION_FORMAT = "dwarf-with-dsym";
				ENABLE_NS_ASSERTIONS = NO;
				ENABLE_STRICT_OBJC_MSGSEND = YES;
				GCC_C_LANGUAGE_STANDARD = gnu11;
				GCC_NO_COMMON_BLOCKS = YES;
				GCC_WARN_64_TO_32_BIT_CONVERSION = YES;
				GCC_WARN_ABOUT_RETURN_TYPE = YES_ERROR;
				GCC_WARN_UNDECLARED_SELECTOR = YES;
				GCC_WARN_UNINITIALIZED_AUTOS = YES_AGGRESSIVE;
				GCC_WARN_UNUSED_FUNCTION = YES;
				GCC_WARN_UNUSED_VARIABLE = YES;
				IPHONEOS_DEPLOYMENT_TARGET = 11.2;
				MTL_ENABLE_DEBUG_INFO = NO;
				SDKROOT = iphoneos;
				SWIFT_OPTIMIZATION_LEVEL = "-Owholemodule";
				VALIDATE_PRODUCT = YES;
				VERSIONING_SYSTEM = "apple-generic";
				VERSION_INFO_PREFIX = "";
			};
			name = Release;
		};
		1A5352DB202B95DF0001F91C /* Debug */ = {
			isa = XCBuildConfiguration;
			buildSettings = {
				CODE_SIGN_IDENTITY = "";
				CODE_SIGN_STYLE = Automatic;
				DEFINES_MODULE = YES;
				DEVELOPMENT_TEAM = 5ND29TB5RN;
				DYLIB_COMPATIBILITY_VERSION = 1;
				DYLIB_CURRENT_VERSION = 1;
				DYLIB_INSTALL_NAME_BASE = "@rpath";
				INFOPLIST_FILE = ExampleClientLibrary/Info.plist;
				INSTALL_PATH = "$(LOCAL_LIBRARY_DIR)/Frameworks";
				LD_RUNPATH_SEARCH_PATHS = "$(inherited) @executable_path/Frameworks @loader_path/Frameworks";
				PRODUCT_BUNDLE_IDENTIFIER = au.com.jamesreeve.ExampleClientLibrary;
				PRODUCT_NAME = "$(TARGET_NAME:c99extidentifier)";
				SKIP_INSTALL = YES;
				SWIFT_VERSION = 4.0;
				TARGETED_DEVICE_FAMILY = "1,2";
			};
			name = Debug;
		};
		1A5352DC202B95DF0001F91C /* Release */ = {
			isa = XCBuildConfiguration;
			buildSettings = {
				CODE_SIGN_IDENTITY = "";
				CODE_SIGN_STYLE = Automatic;
				DEFINES_MODULE = YES;
				DEVELOPMENT_TEAM = 5ND29TB5RN;
				DYLIB_COMPATIBILITY_VERSION = 1;
				DYLIB_CURRENT_VERSION = 1;
				DYLIB_INSTALL_NAME_BASE = "@rpath";
				INFOPLIST_FILE = ExampleClientLibrary/Info.plist;
				INSTALL_PATH = "$(LOCAL_LIBRARY_DIR)/Frameworks";
				LD_RUNPATH_SEARCH_PATHS = "$(inherited) @executable_path/Frameworks @loader_path/Frameworks";
				PRODUCT_BUNDLE_IDENTIFIER = au.com.jamesreeve.ExampleClientLibrary;
				PRODUCT_NAME = "$(TARGET_NAME:c99extidentifier)";
				SKIP_INSTALL = YES;
				SWIFT_VERSION = 4.0;
				TARGETED_DEVICE_FAMILY = "1,2";
			};
			name = Release;
		};
		1A5352DE202B95DF0001F91C /* Debug */ = {
			isa = XCBuildConfiguration;
			buildSettings = {
				CODE_SIGN_STYLE = Automatic;
				DEVELOPMENT_TEAM = 5ND29TB5RN;
				INFOPLIST_FILE = ExampleClientLibraryTests/Info.plist;
				LD_RUNPATH_SEARCH_PATHS = "$(inherited) @executable_path/Frameworks @loader_path/Frameworks";
				PRODUCT_BUNDLE_IDENTIFIER = au.com.jamesreeve.ExampleClientLibraryTests;
				PRODUCT_NAME = "$(TARGET_NAME)";
				SWIFT_VERSION = 4.0;
				TARGETED_DEVICE_FAMILY = "1,2";
			};
			name = Debug;
		};
		1A5352DF202B95DF0001F91C /* Release */ = {
			isa = XCBuildConfiguration;
			buildSettings = {
				CODE_SIGN_STYLE = Automatic;
				DEVELOPMENT_TEAM = 5ND29TB5RN;
				INFOPLIST_FILE = ExampleClientLibraryTests/Info.plist;
				LD_RUNPATH_SEARCH_PATHS = "$(inherited) @executable_path/Frameworks @loader_path/Frameworks";
				PRODUCT_BUNDLE_IDENTIFIER = au.com.jamesreeve.ExampleClientLibraryTests;
				PRODUCT_NAME = "$(TARGET_NAME)";
				SWIFT_VERSION = 4.0;
				TARGETED_DEVICE_FAMILY = "1,2";
			};
			name = Release;
		};
/* End XCBuildConfiguration section */

/* Begin XCConfigurationList section */
		1A5352C0202B95DE0001F91C /* Build configuration list for PBXProject "ExampleClientLibrary" */ = {
			isa = XCConfigurationList;
			buildConfigurations = (
				1A5352D8202B95DF0001F91C /* Debug */,
				1A5352D9202B95DF0001F91C /* Release */,
			);
			defaultConfigurationIsVisible = 0;
			defaultConfigurationName = Release;
		};
		1A5352DA202B95DF0001F91C /* Build configuration list for PBXNativeTarget "ExampleClientLibrary" */ = {
			isa = XCConfigurationList;
			buildConfigurations = (
				1A5352DB202B95DF0001F91C /* Debug */,
				1A5352DC202B95DF0001F91C /* Release */,
			);
			defaultConfigurationIsVisible = 0;
			defaultConfigurationName = Release;
		};
		1A5352DD202B95DF0001F91C /* Build configuration list for PBXNativeTarget "ExampleClientLibraryTests" */ = {
			isa = XCConfigurationList;
			buildConfigurations = (
				1A5352DE202B95DF0001F91C /* Debug */,
				1A5352DF202B95DF0001F91C /* Release */,
			);
			defaultConfigurationIsVisible = 0;
			defaultConfigurationName = Release;
		};
/* End XCConfigurationList section */
	};
	rootObject = 1A5352BD202B95DE0001F91C /* Project object */;
}
